
Microsoft Visual Studio Solution File, Format Version 12.00
# Visual Studio Version 17
VisualStudioVersion = 17.0.32014.148
MinimumVisualStudioVersion = 10.0.40219.1
Project("{FAE04EC0-301F-11D3-BF4B-00C04F79EFBC}") = "Food_Order", "WindowsFormsApp1\Food_Order.csproj", "{8BBD1D92-4143-4083-AD39-C63A1CF68C03}"
EndProject
Global
	GlobalSection(SolutionConfigurationPlatforms) = preSolution
		Debug|Any CPU = Debug|Any CPU
		Release|Any CPU = Release|Any CPU
	EndGlobalSection
	GlobalSection(ProjectConfigurationPlatforms) = postSolution
		{8BBD1D92-4143-4083-AD39-C63A1CF68C03}.Debug|Any CPU.ActiveCfg = Debug|Any CPU
		{8BBD1D92-4143-4083-AD39-C63A1CF68C03}.Debug|Any CPU.Build.0 = Debug|Any CPU
		{8BBD1D92-4143-4083-AD39-C63A1CF68C03}.Release|Any CPU.ActiveCfg = Release|Any CPU
		{8BBD1D92-4143-4083-AD39-C63A1CF68C03}.Release|Any CPU.Build.0 = Release|Any CPU
	EndGlobalSection
	GlobalSection(SolutionProperties) = preSolution
		HideSolutionNode = FALSE
	EndGlobalSection
	GlobalSection(ExtensibilityGlobals) = postSolution
		SolutionGuid = {F3F8E528-6CD3-409F-AEC2-FF51FF6788FD}
	EndGlobalSection
EndGlobal
